
Microsoft Visual Studio Solution File, Format Version 12.00
# Visual Studio 14
VisualStudioVersion = 14.0.22823.1
MinimumVisualStudioVersion = 10.0.40219.1
Project("{FAE04EC0-301F-11D3-BF4B-00C04F79EFBC}") = "Calculator", "Calculator\Calculator.csproj", "{05A1B170-6121-421B-997B-EB4F85B9132F}"
EndProject
Project("{FAE04EC0-301F-11D3-BF4B-00C04F79EFBC}") = "OperationInformation", "OperationInformation\OperationInformation.csproj", "{6ACE9EEC-1E48-42D4-AB04-6400E7D4E083}"
EndProject
Project("{FAE04EC0-301F-11D3-BF4B-00C04F79EFBC}") = "UnitTests", "UnitTests\UnitTests.csproj", "{AA7F42B5-57A6-4CC5-BB76-5D16B15EE812}"
EndProject
Global
	GlobalSection(SolutionConfigurationPlatforms) = preSolution
		Debug|Any CPU = Debug|Any CPU
		Release|Any CPU = Release|Any CPU
	EndGlobalSection
	GlobalSection(ProjectConfigurationPlatforms) = postSolution
		{05A1B170-6121-421B-997B-EB4F85B9132F}.Debug|Any CPU.ActiveCfg = Debug|Any CPU
		{05A1B170-6121-421B-997B-EB4F85B9132F}.Debug|Any CPU.Build.0 = Debug|Any CPU
		{05A1B170-6121-421B-997B-EB4F85B9132F}.Release|Any CPU.ActiveCfg = Release|Any CPU
		{05A1B170-6121-421B-997B-EB4F85B9132F}.Release|Any CPU.Build.0 = Release|Any CPU
		{6ACE9EEC-1E48-42D4-AB04-6400E7D4E083}.Debug|Any CPU.ActiveCfg = Debug|Any CPU
		{6ACE9EEC-1E48-42D4-AB04-6400E7D4E083}.Debug|Any CPU.Build.0 = Debug|Any CPU
		{6ACE9EEC-1E48-42D4-AB04-6400E7D4E083}.Release|Any CPU.ActiveCfg = Release|Any CPU
		{6ACE9EEC-1E48-42D4-AB04-6400E7D4E083}.Release|Any CPU.Build.0 = Release|Any CPU
		{AA7F42B5-57A6-4CC5-BB76-5D16B15EE812}.Debug|Any CPU.ActiveCfg = Debug|Any CPU
		{AA7F42B5-57A6-4CC5-BB76-5D16B15EE812}.Debug|Any CPU.Build.0 = Debug|Any CPU
		{AA7F42B5-57A6-4CC5-BB76-5D16B15EE812}.Release|Any CPU.ActiveCfg = Release|Any CPU
		{AA7F42B5-57A6-4CC5-BB76-5D16B15EE812}.Release|Any CPU.Build.0 = Release|Any CPU
	EndGlobalSection
	GlobalSection(SolutionProperties) = preSolution
		HideSolutionNode = FALSE
	EndGlobalSection
EndGlobal
